{
    "_readme": [
        "This file locks the dependencies of your project to a known state",
        "Read more about it at https://getcomposer.org/doc/01-basic-usage.md#composer-lock-the-lock-file",
        "This file is @generated automatically"
    ],
    "hash": "f01a07ac7ce00a8676414968dc413b04",
    "content-hash": "e4501ecf7b8886e948b40db8cc82085f",
    "packages": [
        {
            "name": "itbz/fpdf",
            "version": "1.7.2",
            "source": {
                "type": "git",
                "url": "https://github.com/hanneskod/fpdf.git",
                "reference": "06d02a7bf227a62d37691a4e7e9c3a35efcb41c3"
            },
            "dist": {
                "type": "zip",
                "url": "https://api.github.com/repos/hanneskod/fpdf/zipball/06d02a7bf227a62d37691a4e7e9c3a35efcb41c3",
                "reference": "06d02a7bf227a62d37691a4e7e9c3a35efcb41c3",
                "shasum": ""
            },
            "require": {
                "php": ">=5.3.0"
            },
            "type": "library",
            "autoload": {
                "psr-0": {
                    "fpdf": "src/"
                }
            },
            "notification-url": "https://packagist.org/downloads/",
            "license": [
                "no usage restriction"
            ],
            "description": "Unofficial PSR-0 compliant version of the FPDF library",
            "homepage": "http://www.fpdf.org/",
            "time": "2013-12-27 14:18:15"
        },
        {
            "name": "psr/log",
            "version": "1.0.0",
            "source": {
                "type": "git",
                "url": "https://github.com/php-fig/log.git",
                "reference": "fe0936ee26643249e916849d48e3a51d5f5e278b"
            },
            "dist": {
                "type": "zip",
                "url": "https://api.github.com/repos/php-fig/log/zipball/fe0936ee26643249e916849d48e3a51d5f5e278b",
                "reference": "fe0936ee26643249e916849d48e3a51d5f5e278b",
                "shasum": ""
            },
            "type": "library",
            "autoload": {
                "psr-0": {
                    "Psr\\Log\\": ""
                }
            },
            "notification-url": "https://packagist.org/downloads/",
            "license": [
                "MIT"
            ],
            "authors": [
                {
                    "name": "PHP-FIG",
                    "homepage": "http://www.php-fig.org/"
                }
            ],
            "description": "Common interface for logging libraries",
            "keywords": [
                "log",
                "psr",
                "psr-3"
            ],
            "time": "2012-12-21 11:40:51"
        },
        {
            "name": "tureki/phpcc",
            "version": "dev-master",
            "source": {
                "type": "git",
                "url": "https://github.com/tureki/php-closure-compiler.git",
                "reference": "b375b10b0c5807e6f04789a4f104504144f540bc"
            },
            "dist": {
                "type": "zip",
                "url": "https://api.github.com/repos/tureki/php-closure-compiler/zipball/b375b10b0c5807e6f04789a4f104504144f540bc",
                "reference": "b375b10b0c5807e6f04789a4f104504144f540bc",
                "shasum": ""
            },
            "require": {
                "php": ">=5.3.0"
            },
            "type": "library",
            "autoload": {
                "psr-0": {
                    "tureki": "src/"
                }
            },
            "notification-url": "https://packagist.org/downloads/",
            "license": [
                "Apache 2"
            ],
            "authors": [
                {
                    "name": "tureki",
                    "email": "tureki11@gmail.com",
                    "homepage": "https://github.com/tureki"
                }
            ],
            "description": "A PHP Library to use Google Closure Compiler compress Javascript ",
            "keywords": [
                "closure compiler",
                "compress",
                "php"
            ],
            "time": "2014-06-27 13:22:48"
        }
    ],
    "packages-dev": [],
    "aliases": [],
    "minimum-stability": "dev",
    "stability-flags": {
        "tureki/phpcc": 20
    },
    "prefer-stable": true,
    "prefer-lowest": false,
    "platform": [],
    "platform-dev": []
}
